
Microsoft Visual Studio Solution File, Format Version 12.00
# Visual Studio 15
VisualStudioVersion = 15.0.28307.539
MinimumVisualStudioVersion = 10.0.40219.1
Project("{FAE04EC0-301F-11D3-BF4B-00C04F79EFBC}") = "GoBuhat.Android", "GoBuhat\GoBuhat.Android\GoBuhat.Android.csproj", "{E2CE5BF7-0EC6-437A-A1CE-3A6BA75BF742}"
EndProject
Project("{FAE04EC0-301F-11D3-BF4B-00C04F79EFBC}") = "GoBuhat.iOS", "GoBuhat\GoBuhat.iOS\GoBuhat.iOS.csproj", "{35BC79A4-3B9E-4103-8D6C-DEBC85D418C9}"
EndProject
Project("{FAE04EC0-301F-11D3-BF4B-00C04F79EFBC}") = "GoBuhat.UWP", "GoBuhat\GoBuhat.UWP\GoBuhat.UWP.csproj", "{5FA8C90D-85FB-4159-A93B-4D5145B563CC}"
EndProject
Project("{9A19103F-16F7-4668-BE54-9A1E7A4F7556}") = "GoBuhat", "GoBuhat\GoBuhat\GoBuhat.csproj", "{A2925113-A0CF-4749-AFE9-5A71C99A194B}"
EndProject
Global
	GlobalSection(SolutionConfigurationPlatforms) = preSolution
		Ad-Hoc|Any CPU = Ad-Hoc|Any CPU
		Ad-Hoc|ARM = Ad-Hoc|ARM
		Ad-Hoc|iPhone = Ad-Hoc|iPhone
		Ad-Hoc|iPhoneSimulator = Ad-Hoc|iPhoneSimulator
		Ad-Hoc|x64 = Ad-Hoc|x64
		Ad-Hoc|x86 = Ad-Hoc|x86
		AppStore|Any CPU = AppStore|Any CPU
		AppStore|ARM = AppStore|ARM
		AppStore|iPhone = AppStore|iPhone
		AppStore|iPhoneSimulator = AppStore|iPhoneSimulator
		AppStore|x64 = AppStore|x64
		AppStore|x86 = AppStore|x86
		Debug|Any CPU = Debug|Any CPU
		Debug|ARM = Debug|ARM
		Debug|iPhone = Debug|iPhone
		Debug|iPhoneSimulator = Debug|iPhoneSimulator
		Debug|x64 = Debug|x64
		Debug|x86 = Debug|x86
		Release|Any CPU = Release|Any CPU
		Release|ARM = Release|ARM
		Release|iPhone = Release|iPhone
		Release|iPhoneSimulator = Release|iPhoneSimulator
		Release|x64 = Release|x64
		Release|x86 = Release|x86
		ReleaseNET40_Only|Any CPU = ReleaseNET40_Only|Any CPU
		ReleaseNET40_Only|ARM = ReleaseNET40_Only|ARM
		ReleaseNET40_Only|iPhone = ReleaseNET40_Only|iPhone
		ReleaseNET40_Only|iPhoneSimulator = ReleaseNET40_Only|iPhoneSimulator
		ReleaseNET40_Only|x64 = ReleaseNET40_Only|x64
		ReleaseNET40_Only|x86 = ReleaseNET40_Only|x86
	EndGlobalSection
	GlobalSection(ProjectConfigurationPlatforms) = postSolution
		{E2CE5BF7-0EC6-437A-A1CE-3A6BA75BF742}.Ad-Hoc|Any CPU.ActiveCfg = Release|Any CPU
		{E2CE5BF7-0EC6-437A-A1CE-3A6BA75BF742}.Ad-Hoc|Any CPU.Build.0 = Release|Any CPU
		{E2CE5BF7-0EC6-437A-A1CE-3A6BA75BF742}.Ad-Hoc|Any CPU.Deploy.0 = Release|Any CPU
		{E2CE5BF7-0EC6-437A-A1CE-3A6BA75BF742}.Ad-Hoc|ARM.ActiveCfg = Release|Any CPU
		{E2CE5BF7-0EC6-437A-A1CE-3A6BA75BF742}.Ad-Hoc|ARM.Build.0 = Release|Any CPU
		{E2CE5BF7-0EC6-437A-A1CE-3A6BA75BF742}.Ad-Hoc|ARM.Deploy.0 = Release|Any CPU
		{E2CE5BF7-0EC6-437A-A1CE-3A6BA75BF742}.Ad-Hoc|iPhone.ActiveCfg = Release|Any CPU
		{E2CE5BF7-0EC6-437A-A1CE-3A6BA75BF742}.Ad-Hoc|iPhone.Build.0 = Release|Any CPU
		{E2CE5BF7-0EC6-437A-A1CE-3A6BA75BF742}.Ad-Hoc|iPhone.Deploy.0 = Release|Any CPU
		{E2CE5BF7-0EC6-437A-A1CE-3A6BA75BF742}.Ad-Hoc|iPhoneSimulator.ActiveCfg = Release|Any CPU
		{E2CE5BF7-0EC6-437A-A1CE-3A6BA75BF742}.Ad-Hoc|iPhoneSimulator.Build.0 = Release|Any CPU
		{E2CE5BF7-0EC6-437A-A1CE-3A6BA75BF742}.Ad-Hoc|iPhoneSimulator.Deploy.0 = Release|Any CPU
		{E2CE5BF7-0EC6-437A-A1CE-3A6BA75BF742}.Ad-Hoc|x64.ActiveCfg = Release|Any CPU
		{E2CE5BF7-0EC6-437A-A1CE-3A6BA75BF742}.Ad-Hoc|x64.Build.0 = Release|Any CPU
		{E2CE5BF7-0EC6-437A-A1CE-3A6BA75BF742}.Ad-Hoc|x64.Deploy.0 = Release|Any CPU
		{E2CE5BF7-0EC6-437A-A1CE-3A6BA75BF742}.Ad-Hoc|x86.ActiveCfg = Release|Any CPU
		{E2CE5BF7-0EC6-437A-A1CE-3A6BA75BF742}.Ad-Hoc|x86.Build.0 = Release|Any CPU
		{E2CE5BF7-0EC6-437A-A1CE-3A6BA75BF742}.Ad-Hoc|x86.Deploy.0 = Release|Any CPU
		{E2CE5BF7-0EC6-437A-A1CE-3A6BA75BF742}.AppStore|Any CPU.ActiveCfg = Release|Any CPU
		{E2CE5BF7-0EC6-437A-A1CE-3A6BA75BF742}.AppStore|Any CPU.Build.0 = Release|Any CPU
		{E2CE5BF7-0EC6-437A-A1CE-3A6BA75BF742}.AppStore|Any CPU.Deploy.0 = Release|Any CPU
		{E2CE5BF7-0EC6-437A-A1CE-3A6BA75BF742}.AppStore|ARM.ActiveCfg = Release|Any CPU
		{E2CE5BF7-0EC6-437A-A1CE-3A6BA75BF742}.AppStore|ARM.Build.0 = Release|Any CPU
		{E2CE5BF7-0EC6-437A-A1CE-3A6BA75BF742}.AppStore|ARM.Deploy.0 = Release|Any CPU
		{E2CE5BF7-0EC6-437A-A1CE-3A6BA75BF742}.AppStore|iPhone.ActiveCfg = Release|Any CPU
		{E2CE5BF7-0EC6-437A-A1CE-3A6BA75BF742}.AppStore|iPhone.Build.0 = Release|Any CPU
		{E2CE5BF7-0EC6-437A-A1CE-3A6BA75BF742}.AppStore|iPhone.Deploy.0 = Release|Any CPU
		{E2CE5BF7-0EC6-437A-A1CE-3A6BA75BF742}.AppStore|iPhoneSimulator.ActiveCfg = Release|Any CPU
		{E2CE5BF7-0EC6-437A-A1CE-3A6BA75BF742}.AppStore|iPhoneSimulator.Build.0 = Release|Any CPU
		{E2CE5BF7-0EC6-437A-A1CE-3A6BA75BF742}.AppStore|iPhoneSimulator.Deploy.0 = Release|Any CPU
		{E2CE5BF7-0EC6-437A-A1CE-3A6BA75BF742}.AppStore|x64.ActiveCfg = Release|Any CPU
		{E2CE5BF7-0EC6-437A-A1CE-3A6BA75BF742}.AppStore|x64.Build.0 = Release|Any CPU
		{E2CE5BF7-0EC6-437A-A1CE-3A6BA75BF742}.AppStore|x64.Deploy.0 = Release|Any CPU
		{E2CE5BF7-0EC6-437A-A1CE-3A6BA75BF742}.AppStore|x86.ActiveCfg = Release|Any CPU
		{E2CE5BF7-0EC6-437A-A1CE-3A6BA75BF742}.AppStore|x86.Build.0 = Release|Any CPU
		{E2CE5BF7-0EC6-437A-A1CE-3A6BA75BF742}.AppStore|x86.Deploy.0 = Release|Any CPU
		{E2CE5BF7-0EC6-437A-A1CE-3A6BA75BF742}.Debug|Any CPU.ActiveCfg = Debug|Any CPU
		{E2CE5BF7-0EC6-437A-A1CE-3A6BA75BF742}.Debug|Any CPU.Build.0 = Debug|Any CPU
		{E2CE5BF7-0EC6-437A-A1CE-3A6BA75BF742}.Debug|Any CPU.Deploy.0 = Debug|Any CPU
		{E2CE5BF7-0EC6-437A-A1CE-3A6BA75BF742}.Debug|ARM.ActiveCfg = Debug|Any CPU
		{E2CE5BF7-0EC6-437A-A1CE-3A6BA75BF742}.Debug|ARM.Build.0 = Debug|Any CPU
		{E2CE5BF7-0EC6-437A-A1CE-3A6BA75BF742}.Debug|ARM.Deploy.0 = Debug|Any CPU
		{E2CE5BF7-0EC6-437A-A1CE-3A6BA75BF742}.Debug|iPhone.ActiveCfg = Debug|Any CPU
		{E2CE5BF7-0EC6-437A-A1CE-3A6BA75BF742}.Debug|iPhone.Build.0 = Debug|Any CPU
		{E2CE5BF7-0EC6-437A-A1CE-3A6BA75BF742}.Debug|iPhone.Deploy.0 = Debug|Any CPU
		{E2CE5BF7-0EC6-437A-A1CE-3A6BA75BF742}.Debug|iPhoneSimulator.ActiveCfg = Debug|Any CPU
		{E2CE5BF7-0EC6-437A-A1CE-3A6BA75BF742}.Debug|iPhoneSimulator.Build.0 = Debug|Any CPU
		{E2CE5BF7-0EC6-437A-A1CE-3A6BA75BF742}.Debug|iPhoneSimulator.Deploy.0 = Debug|Any CPU
		{E2CE5BF7-0EC6-437A-A1CE-3A6BA75BF742}.Debug|x64.ActiveCfg = Debug|Any CPU
		{E2CE5BF7-0EC6-437A-A1CE-3A6BA75BF742}.Debug|x64.Build.0 = Debug|Any CPU
		{E2CE5BF7-0EC6-437A-A1CE-3A6BA75BF742}.Debug|x64.Deploy.0 = Debug|Any CPU
		{E2CE5BF7-0EC6-437A-A1CE-3A6BA75BF742}.Debug|x86.ActiveCfg = Debug|Any CPU
		{E2CE5BF7-0EC6-437A-A1CE-3A6BA75BF742}.Debug|x86.Build.0 = Debug|Any CPU
		{E2CE5BF7-0EC6-437A-A1CE-3A6BA75BF742}.Debug|x86.Deploy.0 = Debug|Any CPU
		{E2CE5BF7-0EC6-437A-A1CE-3A6BA75BF742}.Release|Any CPU.ActiveCfg = Release|Any CPU
		{E2CE5BF7-0EC6-437A-A1CE-3A6BA75BF742}.Release|Any CPU.Build.0 = Release|Any CPU
		{E2CE5BF7-0EC6-437A-A1CE-3A6BA75BF742}.Release|Any CPU.Deploy.0 = Release|Any CPU
		{E2CE5BF7-0EC6-437A-A1CE-3A6BA75BF742}.Release|ARM.ActiveCfg = Release|Any CPU
		{E2CE5BF7-0EC6-437A-A1CE-3A6BA75BF742}.Release|ARM.Build.0 = Release|Any CPU
		{E2CE5BF7-0EC6-437A-A1CE-3A6BA75BF742}.Release|ARM.Deploy.0 = Release|Any CPU
		{E2CE5BF7-0EC6-437A-A1CE-3A6BA75BF742}.Release|iPhone.ActiveCfg = Release|Any CPU
		{E2CE5BF7-0EC6-437A-A1CE-3A6BA75BF742}.Release|iPhone.Build.0 = Release|Any CPU
		{E2CE5BF7-0EC6-437A-A1CE-3A6BA75BF742}.Release|iPhone.Deploy.0 = Release|Any CPU
		{E2CE5BF7-0EC6-437A-A1CE-3A6BA75BF742}.Release|iPhoneSimulator.ActiveCfg = Release|Any CPU
		{E2CE5BF7-0EC6-437A-A1CE-3A6BA75BF742}.Release|iPhoneSimulator.Build.0 = Release|Any CPU
		{E2CE5BF7-0EC6-437A-A1CE-3A6BA75BF742}.Release|iPhoneSimulator.Deploy.0 = Release|Any CPU
		{E2CE5BF7-0EC6-437A-A1CE-3A6BA75BF742}.Release|x64.ActiveCfg = Release|Any CPU
		{E2CE5BF7-0EC6-437A-A1CE-3A6BA75BF742}.Release|x64.Build.0 = Release|Any CPU
		{E2CE5BF7-0EC6-437A-A1CE-3A6BA75BF742}.Release|x64.Deploy.0 = Release|Any CPU
		{E2CE5BF7-0EC6-437A-A1CE-3A6BA75BF742}.Release|x86.ActiveCfg = Release|Any CPU
		{E2CE5BF7-0EC6-437A-A1CE-3A6BA75BF742}.Release|x86.Build.0 = Release|Any CPU
		{E2CE5BF7-0EC6-437A-A1CE-3A6BA75BF742}.Release|x86.Deploy.0 = Release|Any CPU
		{E2CE5BF7-0EC6-437A-A1CE-3A6BA75BF742}.ReleaseNET40_Only|Any CPU.ActiveCfg = Release|Any CPU
		{E2CE5BF7-0EC6-437A-A1CE-3A6BA75BF742}.ReleaseNET40_Only|Any CPU.Build.0 = Release|Any CPU
		{E2CE5BF7-0EC6-437A-A1CE-3A6BA75BF742}.ReleaseNET40_Only|Any CPU.Deploy.0 = Release|Any CPU
		{E2CE5BF7-0EC6-437A-A1CE-3A6BA75BF742}.ReleaseNET40_Only|ARM.ActiveCfg = Release|Any CPU
		{E2CE5BF7-0EC6-437A-A1CE-3A6BA75BF742}.ReleaseNET40_Only|ARM.Build.0 = Release|Any CPU
		{E2CE5BF7-0EC6-437A-A1CE-3A6BA75BF742}.ReleaseNET40_Only|ARM.Deploy.0 = Release|Any CPU
		{E2CE5BF7-0EC6-437A-A1CE-3A6BA75BF742}.ReleaseNET40_Only|iPhone.ActiveCfg = Release|Any CPU
		{E2CE5BF7-0EC6-437A-A1CE-3A6BA75BF742}.ReleaseNET40_Only|iPhone.Build.0 = Release|Any CPU
		{E2CE5BF7-0EC6-437A-A1CE-3A6BA75BF742}.ReleaseNET40_Only|iPhone.Deploy.0 = Release|Any CPU
		{E2CE5BF7-0EC6-437A-A1CE-3A6BA75BF742}.ReleaseNET40_Only|iPhoneSimulator.ActiveCfg = Release|Any CPU
		{E2CE5BF7-0EC6-437A-A1CE-3A6BA75BF742}.ReleaseNET40_Only|iPhoneSimulator.Build.0 = Release|Any CPU
		{E2CE5BF7-0EC6-437A-A1CE-3A6BA75BF742}.ReleaseNET40_Only|iPhoneSimulator.Deploy.0 = Release|Any CPU
		{E2CE5BF7-0EC6-437A-A1CE-3A6BA75BF742}.ReleaseNET40_Only|x64.ActiveCfg = Release|Any CPU
		{E2CE5BF7-0EC6-437A-A1CE-3A6BA75BF742}.ReleaseNET40_Only|x64.Build.0 = Release|Any CPU
		{E2CE5BF7-0EC6-437A-A1CE-3A6BA75BF742}.ReleaseNET40_Only|x64.Deploy.0 = Release|Any CPU
		{E2CE5BF7-0EC6-437A-A1CE-3A6BA75BF742}.ReleaseNET40_Only|x86.ActiveCfg = Release|Any CPU
		{E2CE5BF7-0EC6-437A-A1CE-3A6BA75BF742}.ReleaseNET40_Only|x86.Build.0 = Release|Any CPU
		{E2CE5BF7-0EC6-437A-A1CE-3A6BA75BF742}.ReleaseNET40_Only|x86.Deploy.0 = Release|Any CPU
		{35BC79A4-3B9E-4103-8D6C-DEBC85D418C9}.Ad-Hoc|Any CPU.ActiveCfg = Ad-Hoc|iPhone
		{35BC79A4-3B9E-4103-8D6C-DEBC85D418C9}.Ad-Hoc|Any CPU.Build.0 = Ad-Hoc|iPhone
		{35BC79A4-3B9E-4103-8D6C-DEBC85D418C9}.Ad-Hoc|Any CPU.Deploy.0 = Ad-Hoc|iPhone
		{35BC79A4-3B9E-4103-8D6C-DEBC85D418C9}.Ad-Hoc|ARM.ActiveCfg = Ad-Hoc|iPhone
		{35BC79A4-3B9E-4103-8D6C-DEBC85D418C9}.Ad-Hoc|ARM.Build.0 = Ad-Hoc|iPhone
		{35BC79A4-3B9E-4103-8D6C-DEBC85D418C9}.Ad-Hoc|ARM.Deploy.0 = Ad-Hoc|iPhone
		{35BC79A4-3B9E-4103-8D6C-DEBC85D418C9}.Ad-Hoc|iPhone.ActiveCfg = Ad-Hoc|iPhone
		{35BC79A4-3B9E-4103-8D6C-DEBC85D418C9}.Ad-Hoc|iPhone.Build.0 = Ad-Hoc|iPhone
		{35BC79A4-3B9E-4103-8D6C-DEBC85D418C9}.Ad-Hoc|iPhone.Deploy.0 = Ad-Hoc|iPhone
		{35BC79A4-3B9E-4103-8D6C-DEBC85D418C9}.Ad-Hoc|iPhoneSimulator.ActiveCfg = Ad-Hoc|iPhoneSimulator
		{35BC79A4-3B9E-4103-8D6C-DEBC85D418C9}.Ad-Hoc|iPhoneSimulator.Build.0 = Ad-Hoc|iPhoneSimulator
		{35BC79A4-3B9E-4103-8D6C-DEBC85D418C9}.Ad-Hoc|iPhoneSimulator.Deploy.0 = Ad-Hoc|iPhoneSimulator
		{35BC79A4-3B9E-4103-8D6C-DEBC85D418C9}.Ad-Hoc|x64.ActiveCfg = Ad-Hoc|iPhone
		{35BC79A4-3B9E-4103-8D6C-DEBC85D418C9}.Ad-Hoc|x64.Build.0 = Ad-Hoc|iPhone
		{35BC79A4-3B9E-4103-8D6C-DEBC85D418C9}.Ad-Hoc|x64.Deploy.0 = Ad-Hoc|iPhone
		{35BC79A4-3B9E-4103-8D6C-DEBC85D418C9}.Ad-Hoc|x86.ActiveCfg = Ad-Hoc|iPhone
		{35BC79A4-3B9E-4103-8D6C-DEBC85D418C9}.Ad-Hoc|x86.Build.0 = Ad-Hoc|iPhone
		{35BC79A4-3B9E-4103-8D6C-DEBC85D418C9}.Ad-Hoc|x86.Deploy.0 = Ad-Hoc|iPhone
		{35BC79A4-3B9E-4103-8D6C-DEBC85D418C9}.AppStore|Any CPU.ActiveCfg = AppStore|iPhone
		{35BC79A4-3B9E-4103-8D6C-DEBC85D418C9}.AppStore|Any CPU.Build.0 = AppStore|iPhone
		{35BC79A4-3B9E-4103-8D6C-DEBC85D418C9}.AppStore|Any CPU.Deploy.0 = AppStore|iPhone
		{35BC79A4-3B9E-4103-8D6C-DEBC85D418C9}.AppStore|ARM.ActiveCfg = AppStore|iPhone
		{35BC79A4-3B9E-4103-8D6C-DEBC85D418C9}.AppStore|ARM.Build.0 = AppStore|iPhone
		{35BC79A4-3B9E-4103-8D6C-DEBC85D418C9}.AppStore|ARM.Deploy.0 = AppStore|iPhone
		{35BC79A4-3B9E-4103-8D6C-DEBC85D418C9}.AppStore|iPhone.ActiveCfg = AppStore|iPhone
		{35BC79A4-3B9E-4103-8D6C-DEBC85D418C9}.AppStore|iPhone.Build.0 = AppStore|iPhone
		{35BC79A4-3B9E-4103-8D6C-DEBC85D418C9}.AppStore|iPhone.Deploy.0 = AppStore|iPhone
		{35BC79A4-3B9E-4103-8D6C-DEBC85D418C9}.AppStore|iPhoneSimulator.ActiveCfg = AppStore|iPhoneSimulator
		{35BC79A4-3B9E-4103-8D6C-DEBC85D418C9}.AppStore|iPhoneSimulator.Build.0 = AppStore|iPhoneSimulator
		{35BC79A4-3B9E-4103-8D6C-DEBC85D418C9}.AppStore|iPhoneSimulator.Deploy.0 = AppStore|iPhoneSimulator
		{35BC79A4-3B9E-4103-8D6C-DEBC85D418C9}.AppStore|x64.ActiveCfg = AppStore|iPhone
		{35BC79A4-3B9E-4103-8D6C-DEBC85D418C9}.AppStore|x64.Build.0 = AppStore|iPhone
		{35BC79A4-3B9E-4103-8D6C-DEBC85D418C9}.AppStore|x64.Deploy.0 = AppStore|iPhone
		{35BC79A4-3B9E-4103-8D6C-DEBC85D418C9}.AppStore|x86.ActiveCfg = AppStore|iPhone
		{35BC79A4-3B9E-4103-8D6C-DEBC85D418C9}.AppStore|x86.Build.0 = AppStore|iPhone
		{35BC79A4-3B9E-4103-8D6C-DEBC85D418C9}.AppStore|x86.Deploy.0 = AppStore|iPhone
		{35BC79A4-3B9E-4103-8D6C-DEBC85D418C9}.Debug|Any CPU.ActiveCfg = Debug|iPhoneSimulator
		{35BC79A4-3B9E-4103-8D6C-DEBC85D418C9}.Debug|Any CPU.Build.0 = Debug|iPhoneSimulator
		{35BC79A4-3B9E-4103-8D6C-DEBC85D418C9}.Debug|Any CPU.Deploy.0 = Debug|iPhoneSimulator
		{35BC79A4-3B9E-4103-8D6C-DEBC85D418C9}.Debug|ARM.ActiveCfg = Debug|iPhone
		{35BC79A4-3B9E-4103-8D6C-DEBC85D418C9}.Debug|ARM.Build.0 = Debug|iPhone
		{35BC79A4-3B9E-4103-8D6C-DEBC85D418C9}.Debug|ARM.Deploy.0 = Debug|iPhone
		{35BC79A4-3B9E-4103-8D6C-DEBC85D418C9}.Debug|iPhone.ActiveCfg = Debug|iPhone
		{35BC79A4-3B9E-4103-8D6C-DEBC85D418C9}.Debug|iPhone.Build.0 = Debug|iPhone
		{35BC79A4-3B9E-4103-8D6C-DEBC85D418C9}.Debug|iPhone.Deploy.0 = Debug|iPhone
		{35BC79A4-3B9E-4103-8D6C-DEBC85D418C9}.Debug|iPhoneSimulator.ActiveCfg = Debug|iPhoneSimulator
		{35BC79A4-3B9E-4103-8D6C-DEBC85D418C9}.Debug|iPhoneSimulator.Build.0 = Debug|iPhoneSimulator
		{35BC79A4-3B9E-4103-8D6C-DEBC85D418C9}.Debug|iPhoneSimulator.Deploy.0 = Debug|iPhoneSimulator
		{35BC79A4-3B9E-4103-8D6C-DEBC85D418C9}.Debug|x64.ActiveCfg = Debug|iPhone
		{35BC79A4-3B9E-4103-8D6C-DEBC85D418C9}.Debug|x64.Build.0 = Debug|iPhone
		{35BC79A4-3B9E-4103-8D6C-DEBC85D418C9}.Debug|x64.Deploy.0 = Debug|iPhone
		{35BC79A4-3B9E-4103-8D6C-DEBC85D418C9}.Debug|x86.ActiveCfg = Debug|iPhone
		{35BC79A4-3B9E-4103-8D6C-DEBC85D418C9}.Debug|x86.Build.0 = Debug|iPhone
		{35BC79A4-3B9E-4103-8D6C-DEBC85D418C9}.Debug|x86.Deploy.0 = Debug|iPhone
		{35BC79A4-3B9E-4103-8D6C-DEBC85D418C9}.Release|Any CPU.ActiveCfg = Release|iPhone
		{35BC79A4-3B9E-4103-8D6C-DEBC85D418C9}.Release|Any CPU.Build.0 = Release|iPhone
		{35BC79A4-3B9E-4103-8D6C-DEBC85D418C9}.Release|Any CPU.Deploy.0 = Release|iPhone
		{35BC79A4-3B9E-4103-8D6C-DEBC85D418C9}.Release|ARM.ActiveCfg = Release|iPhone
		{35BC79A4-3B9E-4103-8D6C-DEBC85D418C9}.Release|ARM.Build.0 = Release|iPhone
		{35BC79A4-3B9E-4103-8D6C-DEBC85D418C9}.Release|ARM.Deploy.0 = Release|iPhone
		{35BC79A4-3B9E-4103-8D6C-DEBC85D418C9}.Release|iPhone.ActiveCfg = Release|iPhone
		{35BC79A4-3B9E-4103-8D6C-DEBC85D418C9}.Release|iPhone.Build.0 = Release|iPhone
		{35BC79A4-3B9E-4103-8D6C-DEBC85D418C9}.Release|iPhone.Deploy.0 = Release|iPhone
		{35BC79A4-3B9E-4103-8D6C-DEBC85D418C9}.Release|iPhoneSimulator.ActiveCfg = Release|iPhoneSimulator
		{35BC79A4-3B9E-4103-8D6C-DEBC85D418C9}.Release|iPhoneSimulator.Build.0 = Release|iPhoneSimulator
		{35BC79A4-3B9E-4103-8D6C-DEBC85D418C9}.Release|iPhoneSimulator.Deploy.0 = Release|iPhoneSimulator
		{35BC79A4-3B9E-4103-8D6C-DEBC85D418C9}.Release|x64.ActiveCfg = Release|iPhone
		{35BC79A4-3B9E-4103-8D6C-DEBC85D418C9}.Release|x64.Build.0 = Release|iPhone
		{35BC79A4-3B9E-4103-8D6C-DEBC85D418C9}.Release|x64.Deploy.0 = Release|iPhone
		{35BC79A4-3B9E-4103-8D6C-DEBC85D418C9}.Release|x86.ActiveCfg = Release|iPhone
		{35BC79A4-3B9E-4103-8D6C-DEBC85D418C9}.Release|x86.Build.0 = Release|iPhone
		{35BC79A4-3B9E-4103-8D6C-DEBC85D418C9}.Release|x86.Deploy.0 = Release|iPhone
		{35BC79A4-3B9E-4103-8D6C-DEBC85D418C9}.ReleaseNET40_Only|Any CPU.ActiveCfg = Release|iPhoneSimulator
		{35BC79A4-3B9E-4103-8D6C-DEBC85D418C9}.ReleaseNET40_Only|Any CPU.Build.0 = Release|iPhoneSimulator
		{35BC79A4-3B9E-4103-8D6C-DEBC85D418C9}.ReleaseNET40_Only|ARM.ActiveCfg = Release|iPhoneSimulator
		{35BC79A4-3B9E-4103-8D6C-DEBC85D418C9}.ReleaseNET40_Only|ARM.Build.0 = Release|iPhoneSimulator
		{35BC79A4-3B9E-4103-8D6C-DEBC85D418C9}.ReleaseNET40_Only|iPhone.ActiveCfg = Release|iPhone
		{35BC79A4-3B9E-4103-8D6C-DEBC85D418C9}.ReleaseNET40_Only|iPhone.Build.0 = Release|iPhone
		{35BC79A4-3B9E-4103-8D6C-DEBC85D418C9}.ReleaseNET40_Only|iPhoneSimulator.ActiveCfg = Release|iPhoneSimulator
		{35BC79A4-3B9E-4103-8D6C-DEBC85D418C9}.ReleaseNET40_Only|iPhoneSimulator.Build.0 = Release|iPhoneSimulator
		{35BC79A4-3B9E-4103-8D6C-DEBC85D418C9}.ReleaseNET40_Only|x64.ActiveCfg = Release|iPhoneSimulator
		{35BC79A4-3B9E-4103-8D6C-DEBC85D418C9}.ReleaseNET40_Only|x64.Build.0 = Release|iPhoneSimulator
		{35BC79A4-3B9E-4103-8D6C-DEBC85D418C9}.ReleaseNET40_Only|x86.ActiveCfg = Release|iPhoneSimulator
		{35BC79A4-3B9E-4103-8D6C-DEBC85D418C9}.ReleaseNET40_Only|x86.Build.0 = Release|iPhoneSimulator
		{5FA8C90D-85FB-4159-A93B-4D5145B563CC}.Ad-Hoc|Any CPU.ActiveCfg = Release|x86
		{5FA8C90D-85FB-4159-A93B-4D5145B563CC}.Ad-Hoc|Any CPU.Build.0 = Release|x86
		{5FA8C90D-85FB-4159-A93B-4D5145B563CC}.Ad-Hoc|Any CPU.Deploy.0 = Release|x86
		{5FA8C90D-85FB-4159-A93B-4D5145B563CC}.Ad-Hoc|ARM.ActiveCfg = Release|ARM
		{5FA8C90D-85FB-4159-A93B-4D5145B563CC}.Ad-Hoc|ARM.Build.0 = Release|ARM
		{5FA8C90D-85FB-4159-A93B-4D5145B563CC}.Ad-Hoc|ARM.Deploy.0 = Release|ARM
		{5FA8C90D-85FB-4159-A93B-4D5145B563CC}.Ad-Hoc|iPhone.ActiveCfg = Release|x86
		{5FA8C90D-85FB-4159-A93B-4D5145B563CC}.Ad-Hoc|iPhone.Build.0 = Release|x86
		{5FA8C90D-85FB-4159-A93B-4D5145B563CC}.Ad-Hoc|iPhone.Deploy.0 = Release|x86
		{5FA8C90D-85FB-4159-A93B-4D5145B563CC}.Ad-Hoc|iPhoneSimulator.ActiveCfg = Release|x86
		{5FA8C90D-85FB-4159-A93B-4D5145B563CC}.Ad-Hoc|iPhoneSimulator.Build.0 = Release|x86
		{5FA8C90D-85FB-4159-A93B-4D5145B563CC}.Ad-Hoc|iPhoneSimulator.Deploy.0 = Release|x86
		{5FA8C90D-85FB-4159-A93B-4D5145B563CC}.Ad-Hoc|x64.ActiveCfg = Release|x64
		{5FA8C90D-85FB-4159-A93B-4D5145B563CC}.Ad-Hoc|x64.Build.0 = Release|x64
		{5FA8C90D-85FB-4159-A93B-4D5145B563CC}.Ad-Hoc|x64.Deploy.0 = Release|x64
		{5FA8C90D-85FB-4159-A93B-4D5145B563CC}.Ad-Hoc|x86.ActiveCfg = Release|x86
		{5FA8C90D-85FB-4159-A93B-4D5145B563CC}.Ad-Hoc|x86.Build.0 = Release|x86
		{5FA8C90D-85FB-4159-A93B-4D5145B563CC}.Ad-Hoc|x86.Deploy.0 = Release|x86
		{5FA8C90D-85FB-4159-A93B-4D5145B563CC}.AppStore|Any CPU.ActiveCfg = Release|x86
		{5FA8C90D-85FB-4159-A93B-4D5145B563CC}.AppStore|Any CPU.Build.0 = Release|x86
		{5FA8C90D-85FB-4159-A93B-4D5145B563CC}.AppStore|Any CPU.Deploy.0 = Release|x86
		{5FA8C90D-85FB-4159-A93B-4D5145B563CC}.AppStore|ARM.ActiveCfg = Release|ARM
		{5FA8C90D-85FB-4159-A93B-4D5145B563CC}.AppStore|ARM.Build.0 = Release|ARM
		{5FA8C90D-85FB-4159-A93B-4D5145B563CC}.AppStore|ARM.Deploy.0 = Release|ARM
		{5FA8C90D-85FB-4159-A93B-4D5145B563CC}.AppStore|iPhone.ActiveCfg = Release|x86
		{5FA8C90D-85FB-4159-A93B-4D5145B563CC}.AppStore|iPhone.Build.0 = Release|x86
		{5FA8C90D-85FB-4159-A93B-4D5145B563CC}.AppStore|iPhone.Deploy.0 = Release|x86
		{5FA8C90D-85FB-4159-A93B-4D5145B563CC}.AppStore|iPhoneSimulator.ActiveCfg = Release|x86
		{5FA8C90D-85FB-4159-A93B-4D5145B563CC}.AppStore|iPhoneSimulator.Build.0 = Release|x86
		{5FA8C90D-85FB-4159-A93B-4D5145B563CC}.AppStore|iPhoneSimulator.Deploy.0 = Release|x86
		{5FA8C90D-85FB-4159-A93B-4D5145B563CC}.AppStore|x64.ActiveCfg = Release|x64
		{5FA8C90D-85FB-4159-A93B-4D5145B563CC}.AppStore|x64.Build.0 = Release|x64
		{5FA8C90D-85FB-4159-A93B-4D5145B563CC}.AppStore|x64.Deploy.0 = Release|x64
		{5FA8C90D-85FB-4159-A93B-4D5145B563CC}.AppStore|x86.ActiveCfg = Release|x86
		{5FA8C90D-85FB-4159-A93B-4D5145B563CC}.AppStore|x86.Build.0 = Release|x86
		{5FA8C90D-85FB-4159-A93B-4D5145B563CC}.AppStore|x86.Deploy.0 = Release|x86
		{5FA8C90D-85FB-4159-A93B-4D5145B563CC}.Debug|Any CPU.ActiveCfg = Debug|x86
		{5FA8C90D-85FB-4159-A93B-4D5145B563CC}.Debug|Any CPU.Build.0 = Debug|x86
		{5FA8C90D-85FB-4159-A93B-4D5145B563CC}.Debug|Any CPU.Deploy.0 = Debug|x86
		{5FA8C90D-85FB-4159-A93B-4D5145B563CC}.Debug|ARM.ActiveCfg = Debug|ARM
		{5FA8C90D-85FB-4159-A93B-4D5145B563CC}.Debug|ARM.Build.0 = Debug|ARM
		{5FA8C90D-85FB-4159-A93B-4D5145B563CC}.Debug|ARM.Deploy.0 = Debug|ARM
		{5FA8C90D-85FB-4159-A93B-4D5145B563CC}.Debug|iPhone.ActiveCfg = Debug|x86
		{5FA8C90D-85FB-4159-A93B-4D5145B563CC}.Debug|iPhone.Build.0 = Debug|x86
		{5FA8C90D-85FB-4159-A93B-4D5145B563CC}.Debug|iPhone.Deploy.0 = Debug|x86
		{5FA8C90D-85FB-4159-A93B-4D5145B563CC}.Debug|iPhoneSimulator.ActiveCfg = Debug|x86
		{5FA8C90D-85FB-4159-A93B-4D5145B563CC}.Debug|iPhoneSimulator.Build.0 = Debug|x86
		{5FA8C90D-85FB-4159-A93B-4D5145B563CC}.Debug|iPhoneSimulator.Deploy.0 = Debug|x86
		{5FA8C90D-85FB-4159-A93B-4D5145B563CC}.Debug|x64.ActiveCfg = Debug|x64
		{5FA8C90D-85FB-4159-A93B-4D5145B563CC}.Debug|x64.Build.0 = Debug|x64
		{5FA8C90D-85FB-4159-A93B-4D5145B563CC}.Debug|x64.Deploy.0 = Debug|x64
		{5FA8C90D-85FB-4159-A93B-4D5145B563CC}.Debug|x86.ActiveCfg = Debug|x86
		{5FA8C90D-85FB-4159-A93B-4D5145B563CC}.Debug|x86.Build.0 = Debug|x86
		{5FA8C90D-85FB-4159-A93B-4D5145B563CC}.Debug|x86.Deploy.0 = Debug|x86
		{5FA8C90D-85FB-4159-A93B-4D5145B563CC}.Release|Any CPU.ActiveCfg = Release|x86
		{5FA8C90D-85FB-4159-A93B-4D5145B563CC}.Release|Any CPU.Build.0 = Release|x86
		{5FA8C90D-85FB-4159-A93B-4D5145B563CC}.Release|Any CPU.Deploy.0 = Release|x86
		{5FA8C90D-85FB-4159-A93B-4D5145B563CC}.Release|ARM.ActiveCfg = Release|ARM
		{5FA8C90D-85FB-4159-A93B-4D5145B563CC}.Release|ARM.Build.0 = Release|ARM
		{5FA8C90D-85FB-4159-A93B-4D5145B563CC}.Release|ARM.Deploy.0 = Release|ARM
		{5FA8C90D-85FB-4159-A93B-4D5145B563CC}.Release|iPhone.ActiveCfg = Release|x86
		{5FA8C90D-85FB-4159-A93B-4D5145B563CC}.Release|iPhone.Build.0 = Release|x86
		{5FA8C90D-85FB-4159-A93B-4D5145B563CC}.Release|iPhone.Deploy.0 = Release|x86
		{5FA8C90D-85FB-4159-A93B-4D5145B563CC}.Release|iPhoneSimulator.ActiveCfg = Release|x86
		{5FA8C90D-85FB-4159-A93B-4D5145B563CC}.Release|iPhoneSimulator.Build.0 = Release|x86
		{5FA8C90D-85FB-4159-A93B-4D5145B563CC}.Release|iPhoneSimulator.Deploy.0 = Release|x86
		{5FA8C90D-85FB-4159-A93B-4D5145B563CC}.Release|x64.ActiveCfg = Release|x64
		{5FA8C90D-85FB-4159-A93B-4D5145B563CC}.Release|x64.Build.0 = Release|x64
		{5FA8C90D-85FB-4159-A93B-4D5145B563CC}.Release|x64.Deploy.0 = Release|x64
		{5FA8C90D-85FB-4159-A93B-4D5145B563CC}.Release|x86.ActiveCfg = Release|x86
		{5FA8C90D-85FB-4159-A93B-4D5145B563CC}.Release|x86.Build.0 = Release|x86
		{5FA8C90D-85FB-4159-A93B-4D5145B563CC}.Release|x86.Deploy.0 = Release|x86
		{5FA8C90D-85FB-4159-A93B-4D5145B563CC}.ReleaseNET40_Only|Any CPU.ActiveCfg = Debug|x64
		{5FA8C90D-85FB-4159-A93B-4D5145B563CC}.ReleaseNET40_Only|Any CPU.Build.0 = Debug|x64
		{5FA8C90D-85FB-4159-A93B-4D5145B563CC}.ReleaseNET40_Only|Any CPU.Deploy.0 = Debug|x64
		{5FA8C90D-85FB-4159-A93B-4D5145B563CC}.ReleaseNET40_Only|ARM.ActiveCfg = Release|ARM
		{5FA8C90D-85FB-4159-A93B-4D5145B563CC}.ReleaseNET40_Only|ARM.Build.0 = Release|ARM
		{5FA8C90D-85FB-4159-A93B-4D5145B563CC}.ReleaseNET40_Only|ARM.Deploy.0 = Release|ARM
		{5FA8C90D-85FB-4159-A93B-4D5145B563CC}.ReleaseNET40_Only|iPhone.ActiveCfg = Debug|x64
		{5FA8C90D-85FB-4159-A93B-4D5145B563CC}.ReleaseNET40_Only|iPhone.Build.0 = Debug|x64
		{5FA8C90D-85FB-4159-A93B-4D5145B563CC}.ReleaseNET40_Only|iPhone.Deploy.0 = Debug|x64
		{5FA8C90D-85FB-4159-A93B-4D5145B563CC}.ReleaseNET40_Only|iPhoneSimulator.ActiveCfg = Debug|x64
		{5FA8C90D-85FB-4159-A93B-4D5145B563CC}.ReleaseNET40_Only|iPhoneSimulator.Build.0 = Debug|x64
		{5FA8C90D-85FB-4159-A93B-4D5145B563CC}.ReleaseNET40_Only|iPhoneSimulator.Deploy.0 = Debug|x64
		{5FA8C90D-85FB-4159-A93B-4D5145B563CC}.ReleaseNET40_Only|x64.ActiveCfg = Release|x64
		{5FA8C90D-85FB-4159-A93B-4D5145B563CC}.ReleaseNET40_Only|x64.Build.0 = Release|x64
		{5FA8C90D-85FB-4159-A93B-4D5145B563CC}.ReleaseNET40_Only|x64.Deploy.0 = Release|x64
		{5FA8C90D-85FB-4159-A93B-4D5145B563CC}.ReleaseNET40_Only|x86.ActiveCfg = Release|x86
		{5FA8C90D-85FB-4159-A93B-4D5145B563CC}.ReleaseNET40_Only|x86.Build.0 = Release|x86
		{5FA8C90D-85FB-4159-A93B-4D5145B563CC}.ReleaseNET40_Only|x86.Deploy.0 = Release|x86
		{A2925113-A0CF-4749-AFE9-5A71C99A194B}.Ad-Hoc|Any CPU.ActiveCfg = Debug|Any CPU
		{A2925113-A0CF-4749-AFE9-5A71C99A194B}.Ad-Hoc|Any CPU.Build.0 = Debug|Any CPU
		{A2925113-A0CF-4749-AFE9-5A71C99A194B}.Ad-Hoc|Any CPU.Deploy.0 = Debug|Any CPU
		{A2925113-A0CF-4749-AFE9-5A71C99A194B}.Ad-Hoc|ARM.ActiveCfg = Debug|Any CPU
		{A2925113-A0CF-4749-AFE9-5A71C99A194B}.Ad-Hoc|ARM.Build.0 = Debug|Any CPU
		{A2925113-A0CF-4749-AFE9-5A71C99A194B}.Ad-Hoc|ARM.Deploy.0 = Debug|Any CPU
		{A2925113-A0CF-4749-AFE9-5A71C99A194B}.Ad-Hoc|iPhone.ActiveCfg = Debug|Any CPU
		{A2925113-A0CF-4749-AFE9-5A71C99A194B}.Ad-Hoc|iPhone.Build.0 = Debug|Any CPU
		{A2925113-A0CF-4749-AFE9-5A71C99A194B}.Ad-Hoc|iPhone.Deploy.0 = Debug|Any CPU
		{A2925113-A0CF-4749-AFE9-5A71C99A194B}.Ad-Hoc|iPhoneSimulator.ActiveCfg = Debug|Any CPU
		{A2925113-A0CF-4749-AFE9-5A71C99A194B}.Ad-Hoc|iPhoneSimulator.Build.0 = Debug|Any CPU
		{A2925113-A0CF-4749-AFE9-5A71C99A194B}.Ad-Hoc|iPhoneSimulator.Deploy.0 = Debug|Any CPU
		{A2925113-A0CF-4749-AFE9-5A71C99A194B}.Ad-Hoc|x64.ActiveCfg = Debug|Any CPU
		{A2925113-A0CF-4749-AFE9-5A71C99A194B}.Ad-Hoc|x64.Build.0 = Debug|Any CPU
		{A2925113-A0CF-4749-AFE9-5A71C99A194B}.Ad-Hoc|x64.Deploy.0 = Debug|Any CPU
		{A2925113-A0CF-4749-AFE9-5A71C99A194B}.Ad-Hoc|x86.ActiveCfg = Debug|Any CPU
		{A2925113-A0CF-4749-AFE9-5A71C99A194B}.Ad-Hoc|x86.Build.0 = Debug|Any CPU
		{A2925113-A0CF-4749-AFE9-5A71C99A194B}.Ad-Hoc|x86.Deploy.0 = Debug|Any CPU
		{A2925113-A0CF-4749-AFE9-5A71C99A194B}.AppStore|Any CPU.ActiveCfg = Debug|Any CPU
		{A2925113-A0CF-4749-AFE9-5A71C99A194B}.AppStore|Any CPU.Build.0 = Debug|Any CPU
		{A2925113-A0CF-4749-AFE9-5A71C99A194B}.AppStore|Any CPU.Deploy.0 = Debug|Any CPU
		{A2925113-A0CF-4749-AFE9-5A71C99A194B}.AppStore|ARM.ActiveCfg = Debug|Any CPU
		{A2925113-A0CF-4749-AFE9-5A71C99A194B}.AppStore|ARM.Build.0 = Debug|Any CPU
		{A2925113-A0CF-4749-AFE9-5A71C99A194B}.AppStore|ARM.Deploy.0 = Debug|Any CPU
		{A2925113-A0CF-4749-AFE9-5A71C99A194B}.AppStore|iPhone.ActiveCfg = Debug|Any CPU
		{A2925113-A0CF-4749-AFE9-5A71C99A194B}.AppStore|iPhone.Build.0 = Debug|Any CPU
		{A2925113-A0CF-4749-AFE9-5A71C99A194B}.AppStore|iPhone.Deploy.0 = Debug|Any CPU
		{A2925113-A0CF-4749-AFE9-5A71C99A194B}.AppStore|iPhoneSimulator.ActiveCfg = Debug|Any CPU
		{A2925113-A0CF-4749-AFE9-5A71C99A194B}.AppStore|iPhoneSimulator.Build.0 = Debug|Any CPU
		{A2925113-A0CF-4749-AFE9-5A71C99A194B}.AppStore|iPhoneSimulator.Deploy.0 = Debug|Any CPU
		{A2925113-A0CF-4749-AFE9-5A71C99A194B}.AppStore|x64.ActiveCfg = Debug|Any CPU
		{A2925113-A0CF-4749-AFE9-5A71C99A194B}.AppStore|x64.Build.0 = Debug|Any CPU
		{A2925113-A0CF-4749-AFE9-5A71C99A194B}.AppStore|x64.Deploy.0 = Debug|Any CPU
		{A2925113-A0CF-4749-AFE9-5A71C99A194B}.AppStore|x86.ActiveCfg = Debug|Any CPU
		{A2925113-A0CF-4749-AFE9-5A71C99A194B}.AppStore|x86.Build.0 = Debug|Any CPU
		{A2925113-A0CF-4749-AFE9-5A71C99A194B}.AppStore|x86.Deploy.0 = Debug|Any CPU
		{A2925113-A0CF-4749-AFE9-5A71C99A194B}.Debug|Any CPU.ActiveCfg = Debug|Any CPU
		{A2925113-A0CF-4749-AFE9-5A71C99A194B}.Debug|Any CPU.Build.0 = Debug|Any CPU
		{A2925113-A0CF-4749-AFE9-5A71C99A194B}.Debug|Any CPU.Deploy.0 = Debug|Any CPU
		{A2925113-A0CF-4749-AFE9-5A71C99A194B}.Debug|ARM.ActiveCfg = Debug|Any CPU
		{A2925113-A0CF-4749-AFE9-5A71C99A194B}.Debug|ARM.Build.0 = Debug|Any CPU
		{A2925113-A0CF-4749-AFE9-5A71C99A194B}.Debug|ARM.Deploy.0 = Debug|Any CPU
		{A2925113-A0CF-4749-AFE9-5A71C99A194B}.Debug|iPhone.ActiveCfg = Debug|Any CPU
		{A2925113-A0CF-4749-AFE9-5A71C99A194B}.Debug|iPhone.Build.0 = Debug|Any CPU
		{A2925113-A0CF-4749-AFE9-5A71C99A194B}.Debug|iPhone.Deploy.0 = Debug|Any CPU
		{A2925113-A0CF-4749-AFE9-5A71C99A194B}.Debug|iPhoneSimulator.ActiveCfg = Debug|Any CPU
		{A2925113-A0CF-4749-AFE9-5A71C99A194B}.Debug|iPhoneSimulator.Build.0 = Debug|Any CPU
		{A2925113-A0CF-4749-AFE9-5A71C99A194B}.Debug|iPhoneSimulator.Deploy.0 = Debug|Any CPU
		{A2925113-A0CF-4749-AFE9-5A71C99A194B}.Debug|x64.ActiveCfg = Debug|Any CPU
		{A2925113-A0CF-4749-AFE9-5A71C99A194B}.Debug|x64.Build.0 = Debug|Any CPU
		{A2925113-A0CF-4749-AFE9-5A71C99A194B}.Debug|x64.Deploy.0 = Debug|Any CPU
		{A2925113-A0CF-4749-AFE9-5A71C99A194B}.Debug|x86.ActiveCfg = Debug|Any CPU
		{A2925113-A0CF-4749-AFE9-5A71C99A194B}.Debug|x86.Build.0 = Debug|Any CPU
		{A2925113-A0CF-4749-AFE9-5A71C99A194B}.Debug|x86.Deploy.0 = Debug|Any CPU
		{A2925113-A0CF-4749-AFE9-5A71C99A194B}.Release|Any CPU.ActiveCfg = Release|Any CPU
		{A2925113-A0CF-4749-AFE9-5A71C99A194B}.Release|Any CPU.Build.0 = Release|Any CPU
		{A2925113-A0CF-4749-AFE9-5A71C99A194B}.Release|Any CPU.Deploy.0 = Release|Any CPU
		{A2925113-A0CF-4749-AFE9-5A71C99A194B}.Release|ARM.ActiveCfg = Release|Any CPU
		{A2925113-A0CF-4749-AFE9-5A71C99A194B}.Release|ARM.Build.0 = Release|Any CPU
		{A2925113-A0CF-4749-AFE9-5A71C99A194B}.Release|ARM.Deploy.0 = Release|Any CPU
		{A2925113-A0CF-4749-AFE9-5A71C99A194B}.Release|iPhone.ActiveCfg = Release|Any CPU
		{A2925113-A0CF-4749-AFE9-5A71C99A194B}.Release|iPhone.Build.0 = Release|Any CPU
		{A2925113-A0CF-4749-AFE9-5A71C99A194B}.Release|iPhone.Deploy.0 = Release|Any CPU
		{A2925113-A0CF-4749-AFE9-5A71C99A194B}.Release|iPhoneSimulator.ActiveCfg = Release|Any CPU
		{A2925113-A0CF-4749-AFE9-5A71C99A194B}.Release|iPhoneSimulator.Build.0 = Release|Any CPU
		{A2925113-A0CF-4749-AFE9-5A71C99A194B}.Release|iPhoneSimulator.Deploy.0 = Release|Any CPU
		{A2925113-A0CF-4749-AFE9-5A71C99A194B}.Release|x64.ActiveCfg = Release|Any CPU
		{A2925113-A0CF-4749-AFE9-5A71C99A194B}.Release|x64.Build.0 = Release|Any CPU
		{A2925113-A0CF-4749-AFE9-5A71C99A194B}.Release|x64.Deploy.0 = Release|Any CPU
		{A2925113-A0CF-4749-AFE9-5A71C99A194B}.Release|x86.ActiveCfg = Release|Any CPU
		{A2925113-A0CF-4749-AFE9-5A71C99A194B}.Release|x86.Build.0 = Release|Any CPU
		{A2925113-A0CF-4749-AFE9-5A71C99A194B}.Release|x86.Deploy.0 = Release|Any CPU
		{A2925113-A0CF-4749-AFE9-5A71C99A194B}.ReleaseNET40_Only|Any CPU.ActiveCfg = Release|Any CPU
		{A2925113-A0CF-4749-AFE9-5A71C99A194B}.ReleaseNET40_Only|Any CPU.Build.0 = Release|Any CPU
		{A2925113-A0CF-4749-AFE9-5A71C99A194B}.ReleaseNET40_Only|ARM.ActiveCfg = Release|Any CPU
		{A2925113-A0CF-4749-AFE9-5A71C99A194B}.ReleaseNET40_Only|ARM.Build.0 = Release|Any CPU
		{A2925113-A0CF-4749-AFE9-5A71C99A194B}.ReleaseNET40_Only|iPhone.ActiveCfg = Release|Any CPU
		{A2925113-A0CF-4749-AFE9-5A71C99A194B}.ReleaseNET40_Only|iPhone.Build.0 = Release|Any CPU
		{A2925113-A0CF-4749-AFE9-5A71C99A194B}.ReleaseNET40_Only|iPhoneSimulator.ActiveCfg = Release|Any CPU
		{A2925113-A0CF-4749-AFE9-5A71C99A194B}.ReleaseNET40_Only|iPhoneSimulator.Build.0 = Release|Any CPU
		{A2925113-A0CF-4749-AFE9-5A71C99A194B}.ReleaseNET40_Only|x64.ActiveCfg = Release|Any CPU
		{A2925113-A0CF-4749-AFE9-5A71C99A194B}.ReleaseNET40_Only|x64.Build.0 = Release|Any CPU
		{A2925113-A0CF-4749-AFE9-5A71C99A194B}.ReleaseNET40_Only|x86.ActiveCfg = Release|Any CPU
		{A2925113-A0CF-4749-AFE9-5A71C99A194B}.ReleaseNET40_Only|x86.Build.0 = Release|Any CPU
	EndGlobalSection
	GlobalSection(SolutionProperties) = preSolution
		HideSolutionNode = FALSE
	EndGlobalSection
	GlobalSection(ExtensibilityGlobals) = postSolution
		SolutionGuid = {917BBE4B-E381-4432-AA34-62F2139C19E3}
	EndGlobalSection
EndGlobal
